
Microsoft Visual Studio Solution File, Format Version 12.00
# Visual Studio Version 16
VisualStudioVersion = 16.0.33130.400
MinimumVisualStudioVersion = 10.0.40219.1
Project("{FAE04EC0-301F-11D3-BF4B-00C04F79EFBC}") = "SalesWebMvc", "SalesWebMvc\SalesWebMvc.csproj", "{DA254D8F-ED67-451B-A410-69E684376100}"
EndProject
Global
	GlobalSection(SolutionConfigurationPlatforms) = preSolution
		Debug|Any CPU = Debug|Any CPU
		Release|Any CPU = Release|Any CPU
	EndGlobalSection
	GlobalSection(ProjectConfigurationPlatforms) = postSolution
		{DA254D8F-ED67-451B-A410-69E684376100}.Debug|Any CPU.ActiveCfg = Debug|Any CPU
		{DA254D8F-ED67-451B-A410-69E684376100}.Debug|Any CPU.Build.0 = Debug|Any CPU
		{DA254D8F-ED67-451B-A410-69E684376100}.Release|Any CPU.ActiveCfg = Release|Any CPU
		{DA254D8F-ED67-451B-A410-69E684376100}.Release|Any CPU.Build.0 = Release|Any CPU
	EndGlobalSection
	GlobalSection(SolutionProperties) = preSolution
		HideSolutionNode = FALSE
	EndGlobalSection
	GlobalSection(ExtensibilityGlobals) = postSolution
		SolutionGuid = {99B545D1-3890-431B-A677-34512312FB4F}
	EndGlobalSection
EndGlobal
